
Microsoft Visual Studio Solution File, Format Version 12.00
# Visual Studio Version 17
VisualStudioVersion = 17.8.34330.188
MinimumVisualStudioVersion = 10.0.40219.1
Project("{FAE04EC0-301F-11D3-BF4B-00C04F79EFBC}") = "backend", "backend\backend.csproj", "{7457C5DC-0CCC-43F5-8DB1-363B82606BDE}"
EndProject
Global
	GlobalSection(SolutionConfigurationPlatforms) = preSolution
		Debug|Any CPU = Debug|Any CPU
		Release|Any CPU = Release|Any CPU
	EndGlobalSection
	GlobalSection(ProjectConfigurationPlatforms) = postSolution
		{7457C5DC-0CCC-43F5-8DB1-363B82606BDE}.Debug|Any CPU.ActiveCfg = Debug|Any CPU
		{7457C5DC-0CCC-43F5-8DB1-363B82606BDE}.Debug|Any CPU.Build.0 = Debug|Any CPU
		{7457C5DC-0CCC-43F5-8DB1-363B82606BDE}.Release|Any CPU.ActiveCfg = Release|Any CPU
		{7457C5DC-0CCC-43F5-8DB1-363B82606BDE}.Release|Any CPU.Build.0 = Release|Any CPU
	EndGlobalSection
	GlobalSection(SolutionProperties) = preSolution
		HideSolutionNode = FALSE
	EndGlobalSection
	GlobalSection(ExtensibilityGlobals) = postSolution
		SolutionGuid = {90B7D8D3-46A8-44E2-A694-13D8808C655E}
	EndGlobalSection
EndGlobal
